
Microsoft Visual Studio Solution File, Format Version 12.00
# Visual Studio Version 17
VisualStudioVersion = 17.7.34221.43
MinimumVisualStudioVersion = 10.0.40219.1
Project("{9A19103F-16F7-4668-BE54-9A1E7A4F7556}") = "BusinessObject", "BusinessObject\BusinessObject.csproj", "{B90DF1D8-7099-4E17-B168-94049302D8B7}"
EndProject
Project("{9A19103F-16F7-4668-BE54-9A1E7A4F7556}") = "DataAccessLayer", "DataAccessLayer\DataAccessLayer.csproj", "{0549B541-37F7-4A18-94A8-42CAA0B5220F}"
EndProject
Project("{9A19103F-16F7-4668-BE54-9A1E7A4F7556}") = "Repository", "Repository\Repository.csproj", "{248EF629-1297-47B4-B64E-1690BAEBE48F}"
EndProject
Project("{FAE04EC0-301F-11D3-BF4B-00C04F79EFBC}") = "ChatSystem", "ChatSystem\ChatSystem.csproj", "{1434E32D-88B1-4E74-9E6C-017C7DC9A250}"
EndProject
Global
	GlobalSection(SolutionConfigurationPlatforms) = preSolution
		Debug|Any CPU = Debug|Any CPU
		Release|Any CPU = Release|Any CPU
	EndGlobalSection
	GlobalSection(ProjectConfigurationPlatforms) = postSolution
		{B90DF1D8-7099-4E17-B168-94049302D8B7}.Debug|Any CPU.ActiveCfg = Debug|Any CPU
		{B90DF1D8-7099-4E17-B168-94049302D8B7}.Debug|Any CPU.Build.0 = Debug|Any CPU
		{B90DF1D8-7099-4E17-B168-94049302D8B7}.Release|Any CPU.ActiveCfg = Release|Any CPU
		{B90DF1D8-7099-4E17-B168-94049302D8B7}.Release|Any CPU.Build.0 = Release|Any CPU
		{0549B541-37F7-4A18-94A8-42CAA0B5220F}.Debug|Any CPU.ActiveCfg = Debug|Any CPU
		{0549B541-37F7-4A18-94A8-42CAA0B5220F}.Debug|Any CPU.Build.0 = Debug|Any CPU
		{0549B541-37F7-4A18-94A8-42CAA0B5220F}.Release|Any CPU.ActiveCfg = Release|Any CPU
		{0549B541-37F7-4A18-94A8-42CAA0B5220F}.Release|Any CPU.Build.0 = Release|Any CPU
		{248EF629-1297-47B4-B64E-1690BAEBE48F}.Debug|Any CPU.ActiveCfg = Debug|Any CPU
		{248EF629-1297-47B4-B64E-1690BAEBE48F}.Debug|Any CPU.Build.0 = Debug|Any CPU
		{248EF629-1297-47B4-B64E-1690BAEBE48F}.Release|Any CPU.ActiveCfg = Release|Any CPU
		{248EF629-1297-47B4-B64E-1690BAEBE48F}.Release|Any CPU.Build.0 = Release|Any CPU
		{1434E32D-88B1-4E74-9E6C-017C7DC9A250}.Debug|Any CPU.ActiveCfg = Debug|Any CPU
		{1434E32D-88B1-4E74-9E6C-017C7DC9A250}.Debug|Any CPU.Build.0 = Debug|Any CPU
		{1434E32D-88B1-4E74-9E6C-017C7DC9A250}.Release|Any CPU.ActiveCfg = Release|Any CPU
		{1434E32D-88B1-4E74-9E6C-017C7DC9A250}.Release|Any CPU.Build.0 = Release|Any CPU
	EndGlobalSection
	GlobalSection(SolutionProperties) = preSolution
		HideSolutionNode = FALSE
	EndGlobalSection
	GlobalSection(ExtensibilityGlobals) = postSolution
		SolutionGuid = {9F38F730-E8D0-4286-AA3F-C89C1B75436C}
	EndGlobalSection
EndGlobal
